{
  "name": "ws2801rpi",
  "version": "1.0.0",
  "lockfileVersion": 1,
  "requires": true,
  "dependencies": {
    "microtime": {
      "version": "3.0.0",
      "resolved": "https://registry.npmjs.org/microtime/-/microtime-3.0.0.tgz",
      "integrity": "sha512-SirJr7ZL4ow2iWcb54bekS4aWyBQNVcEDBiwAz9D/sTgY59A+uE8UJU15cp5wyZmPBwg/3zf8lyCJ5NUe1nVlQ==",
      "requires": {
        "node-addon-api": "^1.2.0",
        "node-gyp-build": "^3.8.0"
      }
    },
    "node-addon-api": {
      "version": "1.6.3",
      "resolved": "https://registry.npmjs.org/node-addon-api/-/node-addon-api-1.6.3.tgz",
      "integrity": "sha512-FXWH6mqjWgU8ewuahp4spec8LkroFZK2NicOv6bNwZC3kcwZUI8LeZdG80UzTSLLhK4T7MsgNwlYDVRlDdfTDg=="
    },
    "node-gyp-build": {
      "version": "3.8.0",
      "resolved": "https://registry.npmjs.org/node-gyp-build/-/node-gyp-build-3.8.0.tgz",
      "integrity": "sha512-bYbpIHyRqZ7sVWXxGpz8QIRug5JZc/hzZH4GbdT9HTZi6WmKCZ8GLvP8OZ9TTiIBvwPFKgtGrlWQSXDAvYdsPw=="
    },
    "rpi-ws2801": {
      "version": "0.0.4",
      "resolved": "https://registry.npmjs.org/rpi-ws2801/-/rpi-ws2801-0.0.4.tgz",
      "integrity": "sha1-Djpc0clLG2Bgk9RyUo0FMFz/yN8=",
      "requires": {
        "microtime": "*"
      }
    }
  }
}
